PODS:
  - Flutter (1.0.0)
  - MSAL (1.2.17):
    - MSAL/app-lib (= 1.2.17)
  - MSAL/app-lib (1.2.17)
  - msal_flutter (1.0.2):
    - Flutter
    - MSAL (~> 1.2.9)

DEPENDENCIES:
  - Flutter (from `Flutter`)
  - msal_flutter (from `.symlinks/plugins/msal_flutter/ios`)

SPEC REPOS:
  trunk:
    - MSAL

EXTERNAL SOURCES:
  Flutter:
    :path: Flutter
  msal_flutter:
    :path: ".symlinks/plugins/msal_flutter/ios"

SPEC CHECKSUMS:
  Flutter: f04841e97a9d0b0a8025694d0796dd46242b2854
  MSAL: 221da5cd6fa2ad66e7ddefa040815b31ea8233a1
  msal_flutter: 407ba46595ceabddb502e7eeb13f7d9c75fba55d

PODFILE CHECKSUM: 775997f741c536251164e3eacf6e34abf2eb7a17

COCOAPODS: 1.12.1
